{
  "requires": true,
  "lockfileVersion": 1,
  "dependencies": {
    "@molteni/export-csv": {
      "version": "0.0.8",
      "resolved": "https://registry.npmjs.org/@molteni/export-csv/-/export-csv-0.0.8.tgz",
      "integrity": "sha512-4YrZ9C+HczsYIKTiCTgbKapliCH7I9QYJxDX25ZNq3xRFezidtQp+W+9/Bh/6Q4SY2kxjcTqyMUGJ+PTdGUMJA=="
    },
    "export-to-csv": {
      "version": "0.2.1",
      "resolved": "https://registry.npmjs.org/export-to-csv/-/export-to-csv-0.2.1.tgz",
      "integrity": "sha512-KTbrd3CAZ0cFceJEZr1e5uiMasabeCpXq1/5uvVxDl53o4jXJHnltasQoj2NkzrxD8hU9kdwjnMhoir/7nNx/A=="
    },
    "ts-xlsx": {
      "version": "0.0.11",
      "resolved": "https://registry.npmjs.org/ts-xlsx/-/ts-xlsx-0.0.11.tgz",
      "integrity": "sha1-Wl+83Q9Z1VjCh69MdP1eqaS76zk=",
      "requires": {
        "@types/xlsx": "0.0.34"
      },
      "dependencies": {
        "@types/xlsx": {
          "version": "0.0.34",
          "resolved": "https://registry.npmjs.org/@types/xlsx/-/xlsx-0.0.34.tgz",
          "integrity": "sha1-K0nmDcvTVTpr8hGjrxpvTHyyyLk="
        }
      }
    }
  }
}
